// !$*UTF8*$!
{
	archiveVersion = 1;
	classes = {
	};
	objectVersion = 51;
	objects = {

/* Begin PBXBuildFile section */
		7AB055825739AE7C9CC08B36 /* Pods_messagingapp.framework in Frameworks */ = {isa = PBXBuildFile; fileRef = 1ADBA5F19592B71B4EA7931A /* Pods_messagingapp.framework */; };
		A6686BD824FC3A27009A4BE0 /* AppDelegate.swift in Sources */ = {isa = PBXBuildFile; fileRef = A6686BD724FC3A27009A4BE0 /* AppDelegate.swift */; };
		A6686BDA24FC3A27009A4BE0 /* SceneDelegate.swift in Sources */ = {isa = PBXBuildFile; fileRef = A6686BD924FC3A27009A4BE0 /* SceneDelegate.swift */; };
		A6686BDC24FC3A27009A4BE0 /* ViewController.swift in Sources */ = {isa = PBXBuildFile; fileRef = A6686BDB24FC3A27009A4BE0 /* ViewController.swift */; };
		A6686BDF24FC3A27009A4BE0 /* Main.storyboard in Resources */ = {isa = PBXBuildFile; fileRef = A6686BDD24FC3A27009A4BE0 /* Main.storyboard */; };
		A6686BE124FC3A28009A4BE0 /* Assets.xcassets in Resources */ = {isa = PBXBuildFile; fileRef = A6686BE024FC3A28009A4BE0 /* Assets.xcassets */; };
		A6686BE424FC3A28009A4BE0 /* LaunchScreen.storyboard in Resources */ = {isa = PBXBuildFile; fileRef = A6686BE224FC3A28009A4BE0 /* LaunchScreen.storyboard */; };
		A6686BEC24FC3A3D009A4BE0 /* GoogleService-Info.plist in Resources */ = {isa = PBXBuildFile; fileRef = A6686BEB24FC3A3D009A4BE0 /* GoogleService-Info.plist */; };
		A6686BF024FC4237009A4BE0 /* ComposeViewController.swift in Sources */ = {isa = PBXBuildFile; fileRef = A6686BEF24FC4237009A4BE0 /* ComposeViewController.swift */; };
/* End PBXBuildFile section */

/* Begin PBXFileReference section */
		0CBA801C2ACF8902F9E189DD /* Pods-messagingapp.debug.xcconfig */ = {isa = PBXFileReference; includeInIndex = 1; lastKnownFileType = text.xcconfig; name = "Pods-messagingapp.debug.xcconfig"; path = "Target Support Files/Pods-messagingapp/Pods-messagingapp.debug.xcconfig"; sourceTree = "<group>"; };
		1ADBA5F19592B71B4EA7931A /* Pods_messagingapp.framework */ = {isa = PBXFileReference; explicitFileType = wrapper.framework; includeInIndex = 0; path = Pods_messagingapp.framework; sourceTree = BUILT_PRODUCTS_DIR; };
		2C3053D419289604971B5C07 /* Pods-messagingapp.release.xcconfig */ = {isa = PBXFileReference; includeInIndex = 1; lastKnownFileType = text.xcconfig; name = "Pods-messagingapp.release.xcconfig"; path = "Target Support Files/Pods-messagingapp/Pods-messagingapp.release.xcconfig"; sourceTree = "<group>"; };
		A6686BD424FC3A27009A4BE0 /* messagingapp.app */ = {isa = PBXFileReference; explicitFileType = wrapper.application; includeInIndex = 0; path = messagingapp.app; sourceTree = BUILT_PRODUCTS_DIR; };
		A6686BD724FC3A27009A4BE0 /* AppDelegate.swift */ = {isa = PBXFileReference; lastKnownFileType = sourcecode.swift; path = AppDelegate.swift; sourceTree = "<group>"; };
		A6686BD924FC3A27009A4BE0 /* SceneDelegate.swift */ = {isa = PBXFileReference; lastKnownFileType = sourcecode.swift; path = SceneDelegate.swift; sourceTree = "<group>"; };
		A6686BDB24FC3A27009A4BE0 /* ViewController.swift */ = {isa = PBXFileReference; lastKnownFileType = sourcecode.swift; path = ViewController.swift; sourceTree = "<group>"; };
		A6686BDE24FC3A27009A4BE0 /* Base */ = {isa = PBXFileReference; lastKnownFileType = file.storyboard; name = Base; path = Base.lproj/Main.storyboard; sourceTree = "<group>"; };
		A6686BE024FC3A28009A4BE0 /* Assets.xcassets */ = {isa = PBXFileReference; lastKnownFileType = folder.assetcatalog; path = Assets.xcassets; sourceTree = "<group>"; };
		A6686BE324FC3A28009A4BE0 /* Base */ = {isa = PBXFileReference; lastKnownFileType = file.storyboard; name = Base; path = Base.lproj/LaunchScreen.storyboard; sourceTree = "<group>"; };
		A6686BE524FC3A28009A4BE0 /* Info.plist */ = {isa = PBXFileReference; lastKnownFileType = text.plist.xml; path = Info.plist; sourceTree = "<group>"; };
		A6686BEB24FC3A3D009A4BE0 /* GoogleService-Info.plist */ = {isa = PBXFileReference; fileEncoding = 4; lastKnownFileType = text.plist.xml; path = "GoogleService-Info.plist"; sourceTree = "<group>"; };
		A6686BEF24FC4237009A4BE0 /* ComposeViewController.swift */ = {isa = PBXFileReference; lastKnownFileType = sourcecode.swift; path = ComposeViewController.swift; sourceTree = "<group>"; };
/* End PBXFileReference section */

/* Begin PBXFrameworksBuildPhase section */
		A6686BD124FC3A27009A4BE0 /* Frameworks */ = {
			isa = PBXFrameworksBuildPhase;
			buildActionMask = 2147483647;
			files = (
				7AB055825739AE7C9CC08B36 /* Pods_messagingapp.framework in Frameworks */,
			);
			runOnlyForDeploymentPostprocessing = 0;
		};
/* End PBXFrameworksBuildPhase section */

/* Begin PBXGroup section */
		46F27759B26B5645E5262F31 /* Frameworks */ = {
			isa = PBXGroup;
			children = (
				1ADBA5F19592B71B4EA7931A /* Pods_messagingapp.framework */,
			);
			name = Frameworks;
			sourceTree = "<group>";
		};
		65CD9710BE803CADBD348D33 /* Pods */ = {
			isa = PBXGroup;
			children = (
				0CBA801C2ACF8902F9E189DD /* Pods-messagingapp.debug.xcconfig */,
				2C3053D419289604971B5C07 /* Pods-messagingapp.release.xcconfig */,
			);
			path = Pods;
			sourceTree = "<group>";
		};
		A6686BCB24FC3A27009A4BE0 = {
			isa = PBXGroup;
			children = (
				A6686BD624FC3A27009A4BE0 /* messagingapp */,
				A6686BD524FC3A27009A4BE0 /* Products */,
				65CD9710BE803CADBD348D33 /* Pods */,
				46F27759B26B5645E5262F31 /* Frameworks */,
			);
			sourceTree = "<group>";
		};
		A6686BD524FC3A27009A4BE0 /* Products */ = {
			isa = PBXGroup;
			children = (
				A6686BD424FC3A27009A4BE0 /* messagingapp.app */,
			);
			name = Products;
			sourceTree = "<group>";
		};
		A6686BD624FC3A27009A4BE0 /* messagingapp */ = {
			isa = PBXGroup;
			children = (
				A6686BD724FC3A27009A4BE0 /* AppDelegate.swift */,
				A6686BD924FC3A27009A4BE0 /* SceneDelegate.swift */,
				A6686BDB24FC3A27009A4BE0 /* ViewController.swift */,
				A6686BEF24FC4237009A4BE0 /* ComposeViewController.swift */,
				A6686BDD24FC3A27009A4BE0 /* Main.storyboard */,
				A6686BE024FC3A28009A4BE0 /* Assets.xcassets */,
				A6686BE224FC3A28009A4BE0 /* LaunchScreen.storyboard */,
				A6686BE524FC3A28009A4BE0 /* Info.plist */,
				A6686BEB24FC3A3D009A4BE0 /* GoogleService-Info.plist */,
			);
			path = messagingapp;
			sourceTree = "<group>";
		};
/* End PBXGroup section */

/* Begin PBXNativeTarget section */
		A6686BD324FC3A27009A4BE0 /* messagingapp */ = {
			isa = PBXNativeTarget;
			buildConfigurationList = A6686BE824FC3A28009A4BE0 /* Build configuration list for PBXNativeTarget "messagingapp" */;
			buildPhases = (
				75149301FF493E28CC3310A0 /* [CP] Check Pods Manifest.lock */,
				A6686BD024FC3A27009A4BE0 /* Sources */,
				A6686BD124FC3A27009A4BE0 /* Frameworks */,
				A6686BD224FC3A27009A4BE0 /* Resources */,
				04A042775904F153B0490229 /* [CP] Embed Pods Frameworks */,
			);
			buildRules = (
			);
			dependencies = (
			);
			name = messagingapp;
			productName = messagingapp;
			productReference = A6686BD424FC3A27009A4BE0 /* messagingapp.app */;
			productType = "com.apple.product-type.application";
		};
/* End PBXNativeTarget section */

/* Begin PBXProject section */
		A6686BCC24FC3A27009A4BE0 /* Project object */ = {
			isa = PBXProject;
			attributes = {
				LastSwiftUpdateCheck = 1160;
				LastUpgradeCheck = 1160;
				ORGANIZATIONNAME = GT;
				TargetAttributes = {
					A6686BD324FC3A27009A4BE0 = {
						CreatedOnToolsVersion = 11.6;
					};
				};
			};
			buildConfigurationList = A6686BCF24FC3A27009A4BE0 /* Build configuration list for PBXProject "messagingapp" */;
			compatibilityVersion = "Xcode 9.3";
			developmentRegion = en;
			hasScannedForEncodings = 0;
			knownRegions = (
				en,
				Base,
			);
			mainGroup = A6686BCB24FC3A27009A4BE0;
			productRefGroup = A6686BD524FC3A27009A4BE0 /* Products */;
			projectDirPath = "";
			projectRoot = "";
			targets = (
				A6686BD324FC3A27009A4BE0 /* messagingapp */,
			);
		};
/* End PBXProject section */

/* Begin PBXResourcesBuildPhase section */
		A6686BD224FC3A27009A4BE0 /* Resources */ = {
			isa = PBXResourcesBuildPhase;
			buildActionMask = 2147483647;
			files = (
				A6686BE424FC3A28009A4BE0 /* LaunchScreen.storyboard in Resources */,
				A6686BEC24FC3A3D009A4BE0 /* GoogleService-Info.plist in Resources */,
				A6686BE124FC3A28009A4BE0 /* Assets.xcassets in Resources */,
				A6686BDF24FC3A27009A4BE0 /* Main.storyboard in Resources */,
			);
			runOnlyForDeploymentPostprocessing = 0;
		};
/* End PBXResourcesBuildPhase section */

/* Begin PBXShellScriptBuildPhase section */
		04A042775904F153B0490229 /* [CP] Embed Pods Frameworks */ = {
			isa = PBXShellScriptBuildPhase;
			buildActionMask = 2147483647;
			files = (
			);
			inputFileListPaths = (
				"${PODS_ROOT}/Target Support Files/Pods-messagingapp/Pods-messagingapp-frameworks-${CONFIGURATION}-input-files.xcfilelist",
			);
			name = "[CP] Embed Pods Frameworks";
			outputFileListPaths = (
				"${PODS_ROOT}/Target Support Files/Pods-messagingapp/Pods-messagingapp-frameworks-${CONFIGURATION}-output-files.xcfilelist",
			);
			runOnlyForDeploymentPostprocessing = 0;
			shellPath = /bin/sh;
			shellScript = "\"${PODS_ROOT}/Target Support Files/Pods-messagingapp/Pods-messagingapp-frameworks.sh\"\n";
			showEnvVarsInLog = 0;
		};
		75149301FF493E28CC3310A0 /* [CP] Check Pods Manifest.lock */ = {
			isa = PBXShellScriptBuildPhase;
			buildActionMask = 2147483647;
			files = (
			);
			inputFileListPaths = (
			);
			inputPaths = (
				"${PODS_PODFILE_DIR_PATH}/Podfile.lock",
				"${PODS_ROOT}/Manifest.lock",
			);
			name = "[CP] Check Pods Manifest.lock";
			outputFileListPaths = (
			);
			outputPaths = (
				"$(DERIVED_FILE_DIR)/Pods-messagingapp-checkManifestLockResult.txt",
			);
			runOnlyForDeploymentPostprocessing = 0;
			shellPath = /bin/sh;
			shellScript = "diff \"${PODS_PODFILE_DIR_PATH}/Podfile.lock\" \"${PODS_ROOT}/Manifest.lock\" > /dev/null\nif [ $? != 0 ] ; then\n    # print error to STDERR\n    echo \"error: The sandbox is not in sync with the Podfile.lock. Run 'pod install' or update your CocoaPods installation.\" >&2\n    exit 1\nfi\n# This output is used by Xcode 'outputs' to avoid re-running this script phase.\necho \"SUCCESS\" > \"${SCRIPT_OUTPUT_FILE_0}\"\n";
			showEnvVarsInLog = 0;
		};
/* End PBXShellScriptBuildPhase section */

/* Begin PBXSourcesBuildPhase section */
		A6686BD024FC3A27009A4BE0 /* Sources */ = {
			isa = PBXSourcesBuildPhase;
			buildActionMask = 2147483647;
			files = (
				A6686BDC24FC3A27009A4BE0 /* ViewController.swift in Sources */,
				A6686BD824FC3A27009A4BE0 /* AppDelegate.swift in Sources */,
				A6686BDA24FC3A27009A4BE0 /* SceneDelegate.swift in Sources */,
				A6686BF024FC4237009A4BE0 /* ComposeViewController.swift in Sources */,
			);
			runOnlyForDeploymentPostprocessing = 0;
		};
/* End PBXSourcesBuildPhase section */

/* Begin PBXVariantGroup section */
		A6686BDD24FC3A27009A4BE0 /* Main.storyboard */ = {
			isa = PBXVariantGroup;
			children = (
				A6686BDE24FC3A27009A4BE0 /* Base */,
			);
			name = Main.storyboard;
			sourceTree = "<group>";
		};
		A6686BE224FC3A28009A4BE0 /* LaunchScreen.storyboard */ = {
			isa = PBXVariantGroup;
			children = (
				A6686BE324FC3A28009A4BE0 /* Base */,
			);
			name = LaunchScreen.storyboard;
			sourceTree = "<group>";
		};
/* End PBXVariantGroup section */

/* Begin XCBuildConfiguration section */
		A6686BE624FC3A28009A4BE0 /* Debug */ = {
			isa = XCBuildConfiguration;
			buildSettings = {
				ALWAYS_SEARCH_USER_PATHS = NO;
				CLANG_ANALYZER_NONNULL = YES;
				CLANG_ANALYZER_NUMBER_OBJECT_CONVERSION = YES_AGGRESSIVE;
				CLANG_CXX_LANGUAGE_STANDARD = "gnu++14";
				CLANG_CXX_LIBRARY = "libc++";
				CLANG_ENABLE_MODULES = YES;
				CLANG_ENABLE_OBJC_ARC = YES;
				CLANG_ENABLE_OBJC_WEAK = YES;
				CLANG_WARN_BLOCK_CAPTURE_AUTORELEASING = YES;
				CLANG_WARN_BOOL_CONVERSION = YES;
				CLANG_WARN_COMMA = YES;
				CLANG_WARN_CONSTANT_CONVERSION = YES;
				CLANG_WARN_DEPRECATED_OBJC_IMPLEMENTATIONS = YES;
				CLANG_WARN_DIRECT_OBJC_ISA_USAGE = YES_ERROR;
				CLANG_WARN_DOCUMENTATION_COMMENTS = YES;
				CLANG_WARN_EMPTY_BODY = YES;
				CLANG_WARN_ENUM_CONVERSION = YES;
				CLANG_WARN_INFINITE_RECURSION = YES;
				CLANG_WARN_INT_CONVERSION = YES;
				CLANG_WARN_NON_LITERAL_NULL_CONVERSION = YES;
				CLANG_WARN_OBJC_IMPLICIT_RETAIN_SELF = YES;
				CLANG_WARN_OBJC_LITERAL_CONVERSION = YES;
				CLANG_WARN_OBJC_ROOT_CLASS = YES_ERROR;
				CLANG_WARN_RANGE_LOOP_ANALYSIS = YES;
				CLANG_WARN_STRICT_PROTOTYPES = YES;
				CLANG_WARN_SUSPICIOUS_MOVE = YES;
				CLANG_WARN_UNGUARDED_AVAILABILITY = YES_AGGRESSIVE;
				CLANG_WARN_UNREACHABLE_CODE = YES;
				CLANG_WARN__DUPLICATE_METHOD_MATCH = YES;
				COPY_PHASE_STRIP = NO;
				DEBUG_INFORMATION_FORMAT = dwarf;
				ENABLE_STRICT_OBJC_MSGSEND = YES;
				ENABLE_TESTABILITY = YES;
				GCC_C_LANGUAGE_STANDARD = gnu11;
				GCC_DYNAMIC_NO_PIC = NO;
				GCC_NO_COMMON_BLOCKS = YES;
				GCC_OPTIMIZATION_LEVEL = 0;
				GCC_PREPROCESSOR_DEFINITIONS = (
					"DEBUG=1",
					"$(inherited)",
				);
				GCC_WARN_64_TO_32_BIT_CONVERSION = YES;
				GCC_WARN_ABOUT_RETURN_TYPE = YES_ERROR;
				GCC_WARN_UNDECLARED_SELECTOR = YES;
				GCC_WARN_UNINITIALIZED_AUTOS = YES_AGGRESSIVE;
				GCC_WARN_UNUSED_FUNCTION = YES;
				GCC_WARN_UNUSED_VARIABLE = YES;
				IPHONEOS_DEPLOYMENT_TARGET = 13.6;
				MTL_ENABLE_DEBUG_INFO = INCLUDE_SOURCE;
				MTL_FAST_MATH = YES;
				ONLY_ACTIVE_ARCH = YES;
				SDKROOT = iphoneos;
				SWIFT_ACTIVE_COMPILATION_CONDITIONS = DEBUG;
				SWIFT_OPTIMIZATION_LEVEL = "-Onone";
			};
			name = Debug;
		};
		A6686BE724FC3A28009A4BE0 /* Release */ = {
			isa = XCBuildConfiguration;
			buildSettings = {
				ALWAYS_SEARCH_USER_PATHS = NO;
				CLANG_ANALYZER_NONNULL = YES;
				CLANG_ANALYZER_NUMBER_OBJECT_CONVERSION = YES_AGGRESSIVE;
				CLANG_CXX_LANGUAGE_STANDARD = "gnu++14";
				CLANG_CXX_LIBRARY = "libc++";
				CLANG_ENABLE_MODULES = YES;
				CLANG_ENABLE_OBJC_ARC = YES;
				CLANG_ENABLE_OBJC_WEAK = YES;
				CLANG_WARN_BLOCK_CAPTURE_AUTORELEASING = YES;
				CLANG_WARN_BOOL_CONVERSION = YES;
				CLANG_WARN_COMMA = YES;
				CLANG_WARN_CONSTANT_CONVERSION = YES;
				CLANG_WARN_DEPRECATED_OBJC_IMPLEMENTATIONS = YES;
				CLANG_WARN_DIRECT_OBJC_ISA_USAGE = YES_ERROR;
				CLANG_WARN_DOCUMENTATION_COMMENTS = YES;
				CLANG_WARN_EMPTY_BODY = YES;
				CLANG_WARN_ENUM_CONVERSION = YES;
				CLANG_WARN_INFINITE_RECURSION = YES;
				CLANG_WARN_INT_CONVERSION = YES;
				CLANG_WARN_NON_LITERAL_NULL_CONVERSION = YES;
				CLANG_WARN_OBJC_IMPLICIT_RETAIN_SELF = YES;
				CLANG_WARN_OBJC_LITERAL_CONVERSION = YES;
				CLANG_WARN_OBJC_ROOT_CLASS = YES_ERROR;
				CLANG_WARN_RANGE_LOOP_ANALYSIS = YES;
				CLANG_WARN_STRICT_PROTOTYPES = YES;
				CLANG_WARN_SUSPICIOUS_MOVE = YES;
				CLANG_WARN_UNGUARDED_AVAILABILITY = YES_AGGRESSIVE;
				CLANG_WARN_UNREACHABLE_CODE = YES;
				CLANG_WARN__DUPLICATE_METHOD_MATCH = YES;
				COPY_PHASE_STRIP = NO;
				DEBUG_INFORMATION_FORMAT = "dwarf-with-dsym";
				ENABLE_NS_ASSERTIONS = NO;
				ENABLE_STRICT_OBJC_MSGSEND = YES;
				GCC_C_LANGUAGE_STANDARD = gnu11;
				GCC_NO_COMMON_BLOCKS = YES;
				GCC_WARN_64_TO_32_BIT_CONVERSION = YES;
				GCC_WARN_ABOUT_RETURN_TYPE = YES_ERROR;
				GCC_WARN_UNDECLARED_SELECTOR = YES;
				GCC_WARN_UNINITIALIZED_AUTOS = YES_AGGRESSIVE;
				GCC_WARN_UNUSED_FUNCTION = YES;
				GCC_WARN_UNUSED_VARIABLE = YES;
				IPHONEOS_DEPLOYMENT_TARGET = 13.6;
				MTL_ENABLE_DEBUG_INFO = NO;
				MTL_FAST_MATH = YES;
				SDKROOT = iphoneos;
				SWIFT_COMPILATION_MODE = wholemodule;
				SWIFT_OPTIMIZATION_LEVEL = "-O";
				VALIDATE_PRODUCT = YES;
			};
			name = Release;
		};
		A6686BE924FC3A28009A4BE0 /* Debug */ = {
			isa = XCBuildConfiguration;
			baseConfigurationReference = 0CBA801C2ACF8902F9E189DD /* Pods-messagingapp.debug.xcconfig */;
			buildSettings = {
				ASSETCATALOG_COMPILER_APPICON_NAME = AppIcon;
				CODE_SIGN_STYLE = Automatic;
				DEVELOPMENT_TEAM = 7SF23QY89K;
				ENABLE_BITCODE = NO;
				INFOPLIST_FILE = messagingapp/Info.plist;
				LD_RUNPATH_SEARCH_PATHS = (
					"$(inherited)",
					"@executable_path/Frameworks",
				);
				PRODUCT_BUNDLE_IDENTIFIER = com.gtxuejie.messagingapp;
				PRODUCT_NAME = "$(TARGET_NAME)";
				SWIFT_VERSION = 5.0;
				TARGETED_DEVICE_FAMILY = "1,2";
			};
			name = Debug;
		};
		A6686BEA24FC3A28009A4BE0 /* Release */ = {
			isa = XCBuildConfiguration;
			baseConfigurationReference = 2C3053D419289604971B5C07 /* Pods-messagingapp.release.xcconfig */;
			buildSettings = {
				ASSETCATALOG_COMPILER_APPICON_NAME = AppIcon;
				CODE_SIGN_STYLE = Automatic;
				DEVELOPMENT_TEAM = 7SF23QY89K;
				ENABLE_BITCODE = NO;
				INFOPLIST_FILE = messagingapp/Info.plist;
				LD_RUNPATH_SEARCH_PATHS = (
					"$(inherited)",
					"@executable_path/Frameworks",
				);
				PRODUCT_BUNDLE_IDENTIFIER = com.gtxuejie.messagingapp;
				PRODUCT_NAME = "$(TARGET_NAME)";
				SWIFT_VERSION = 5.0;
				TARGETED_DEVICE_FAMILY = "1,2";
			};
			name = Release;
		};
/* End XCBuildConfiguration section */

/* Begin XCConfigurationList section */
		A6686BCF24FC3A27009A4BE0 /* Build configuration list for PBXProject "messagingapp" */ = {
			isa = XCConfigurationList;
			buildConfigurations = (
				A6686BE624FC3A28009A4BE0 /* Debug */,
				A6686BE724FC3A28009A4BE0 /* Release */,
			);
			defaultConfigurationIsVisible = 0;
			defaultConfigurationName = Release;
		};
		A6686BE824FC3A28009A4BE0 /* Build configuration list for PBXNativeTarget "messagingapp" */ = {
			isa = XCConfigurationList;
			buildConfigurations = (
				A6686BE924FC3A28009A4BE0 /* Debug */,
				A6686BEA24FC3A28009A4BE0 /* Release */,
			);
			defaultConfigurationIsVisible = 0;
			defaultConfigurationName = Release;
		};
/* End XCConfigurationList section */
	};
	rootObject = A6686BCC24FC3A27009A4BE0 /* Project object */;
}
